{
  "nodes": {
    "flake-compat": {
      "flake": false,
      "locked": {
        "lastModified": 1733328505,
        "narHash": "sha256-NeCCThCEP3eCl2l/+27kNNK7QrwZB1IJCrXfrbv5oqU=",
        "owner": "edolstra",
        "repo": "flake-compat",
        "rev": "ff81ac966bb2cae68946d5ed5fc4994f96d0ffec",
        "type": "github"
      },
      "original": {
        "owner": "edolstra",
        "repo": "flake-compat",
        "type": "github"
      }
    },
    "naersk": {
      "inputs": {
        "nixpkgs": "nixpkgs_3"
      },
      "locked": {
        "lastModified": 1739824009,
        "narHash": "sha256-fcNrCMUWVLMG3gKC5M9CBqVOAnJtyRvGPxptQFl5mVg=",
        "owner": "nix-community",
        "repo": "naersk",
        "rev": "e5130d37369bfa600144c2424270c96f0ef0e11d",
        "type": "github"
      },
      "original": {
        "owner": "nix-community",
        "repo": "naersk",
        "type": "github"
      }
    },
    "nix-darwin": {
      "inputs": {
        "nixpkgs": [
          "nixpkgs"
        ]
      },
      "locked": {
        "lastModified": 1741112248,
        "narHash": "sha256-Y340xoE1Vgo0eCDJi4srVjuwlr50vYSoyJrZeXHw3n0=",
        "owner": "LnL7",
        "repo": "nix-darwin",
        "rev": "991bb2f6d46fc2ff7990913c173afdb0318314cb",
        "type": "github"
      },
      "original": {
        "owner": "LnL7",
        "repo": "nix-darwin",
        "type": "github"
      }
    },
    "nixos-wsl": {
      "inputs": {
        "flake-compat": "flake-compat",
        "nixpkgs": "nixpkgs"
      },
      "locked": {
        "lastModified": 1741192150,
        "narHash": "sha256-wB140alXVla1Rw/kENerUoma2qO1Jy5IYWbmiSqmJu0=",
        "owner": "nix-community",
        "repo": "nixos-wsl",
        "rev": "0e4ccdb8181da2c6193c047b50ffee5f1a3b6dc1",
        "type": "github"
      },
      "original": {
        "owner": "nix-community",
        "ref": "main",
        "repo": "nixos-wsl",
        "type": "github"
      }
    },
    "nixpkgs": {
      "locked": {
        "lastModified": 1740865531,
        "narHash": "sha256-h00vGIh/jxcGl8aWdfnVRD74KuLpyY3mZgMFMy7iKIc=",
        "owner": "NixOS",
        "repo": "nixpkgs",
        "rev": "5ef6c425980847c78a80d759abc476e941a9bf42",
        "type": "github"
      },
      "original": {
        "owner": "NixOS",
        "ref": "nixos-24.11",
        "repo": "nixpkgs",
        "type": "github"
      }
    },
    "nixpkgs_2": {
      "locked": {
        "lastModified": 1741037377,
        "narHash": "sha256-SvtvVKHaUX4Owb+PasySwZsoc5VUeTf1px34BByiOxw=",
        "owner": "NixOS",
        "repo": "nixpkgs",
        "rev": "02032da4af073d0f6110540c8677f16d4be0117f",
        "type": "github"
      },
      "original": {
        "owner": "NixOS",
        "ref": "nixpkgs-unstable",
        "repo": "nixpkgs",
        "type": "github"
      }
    },
    "nixpkgs_3": {
      "locked": {
        "lastModified": 0,
        "narHash": "sha256-oAgAV4fLWMIPqsEyZVVdk7c0SUdDOV1E7Epq0EIUQs4=",
        "path": "/nix/store/s0ddy7wbaqx8hfj61p2xh3r285hirbl9-source",
        "type": "path"
      },
      "original": {
        "id": "nixpkgs",
        "type": "indirect"
      }
    },
    "nixpkgs_4": {
      "locked": {
        "lastModified": 1736320768,
        "narHash": "sha256-nIYdTAiKIGnFNugbomgBJR+Xv5F1ZQU+HfaBqJKroC0=",
        "owner": "NixOS",
        "repo": "nixpkgs",
        "rev": "4bc9c909d9ac828a039f288cf872d16d38185db8",
        "type": "github"
      },
      "original": {
        "owner": "NixOS",
        "ref": "nixpkgs-unstable",
        "repo": "nixpkgs",
        "type": "github"
      }
    },
    "patisserie": {
      "inputs": {
        "naersk": "naersk",
        "nixpkgs": [
          "nixpkgs"
        ],
        "rust-overlay": "rust-overlay"
      },
      "locked": {
        "lastModified": 1741502338,
        "narHash": "sha256-4BhI+u4Yga7sm7Acwu/LJiUQ/UsJ9Ujy20ao8MtBh2c=",
        "owner": "freshstrangemusic",
        "repo": "patisserie",
        "rev": "76ee4e824fbcadbbe8aaa696abcbe583cbd9ee06",
        "type": "github"
      },
      "original": {
        "owner": "freshstrangemusic",
        "repo": "patisserie",
        "type": "github"
      }
    },
    "root": {
      "inputs": {
        "nix-darwin": "nix-darwin",
        "nixos-wsl": "nixos-wsl",
        "nixpkgs": "nixpkgs_2",
        "patisserie": "patisserie"
      }
    },
    "rust-overlay": {
      "inputs": {
        "nixpkgs": "nixpkgs_4"
      },
      "locked": {
        "lastModified": 1741400194,
        "narHash": "sha256-tEpgT+q5KlGjHSm8MnINgTPErEl8YDzX3Eps8PVc09g=",
        "owner": "oxalica",
        "repo": "rust-overlay",
        "rev": "16b6045a232fea0e9e4c69e55a6e269607dd8e3f",
        "type": "github"
      },
      "original": {
        "owner": "oxalica",
        "repo": "rust-overlay",
        "type": "github"
      }
    }
  },
  "root": "root",
  "version": 7
}
