{
  "nodes": {
    "flake-compat": {
      "flake": false,
      "locked": {
        "lastModified": 1747046372,
        "narHash": "sha256-CIVLLkVgvHYbgI2UpXvIIBJ12HWgX+fjA8Xf8PUmqCY=",
        "owner": "edolstra",
        "repo": "flake-compat",
        "rev": "9100a0f413b0c601e0533d1d94ffd501ce2e7885",
        "type": "github"
      },
      "original": {
        "owner": "edolstra",
        "repo": "flake-compat",
        "type": "github"
      }
    },
    "naersk": {
      "inputs": {
        "nixpkgs": [
          "patisserie",
          "nixpkgs"
        ]
      },
      "locked": {
        "lastModified": 1739824009,
        "narHash": "sha256-fcNrCMUWVLMG3gKC5M9CBqVOAnJtyRvGPxptQFl5mVg=",
        "owner": "nix-community",
        "repo": "naersk",
        "rev": "e5130d37369bfa600144c2424270c96f0ef0e11d",
        "type": "github"
      },
      "original": {
        "owner": "nix-community",
        "repo": "naersk",
        "type": "github"
      }
    },
    "nix-darwin": {
      "inputs": {
        "nixpkgs": [
          "nixpkgs"
        ]
      },
      "locked": {
        "lastModified": 1751313918,
        "narHash": "sha256-HsJM3XLa43WpG+665aGEh8iS8AfEwOIQWk3Mke3e7nk=",
        "owner": "LnL7",
        "repo": "nix-darwin",
        "rev": "e04a388232d9a6ba56967ce5b53a8a6f713cdfcf",
        "type": "github"
      },
      "original": {
        "owner": "LnL7",
        "repo": "nix-darwin",
        "type": "github"
      }
    },
    "nixos-wsl": {
      "inputs": {
        "flake-compat": "flake-compat",
        "nixpkgs": [
          "nixpkgs"
        ]
      },
      "locked": {
        "lastModified": 1752682362,
        "narHash": "sha256-ZNIpqCG/CfhmV+TgIeyO/XbhDjSWpwWokHM44j0Mn0w=",
        "owner": "nix-community",
        "repo": "nixos-wsl",
        "rev": "20001f9bf0aaf2b1c307e43a5eec8cf8f800fe14",
        "type": "github"
      },
      "original": {
        "owner": "nix-community",
        "repo": "nixos-wsl",
        "type": "github"
      }
    },
    "nixpkgs": {
      "locked": {
        "lastModified": 1752900028,
        "narHash": "sha256-dPALCtmik9Wr14MGqVXm+OQcv7vhPBXcWNIOThGnB/Q=",
        "owner": "NixOS",
        "repo": "nixpkgs",
        "rev": "6b4955211758ba47fac850c040a27f23b9b4008f",
        "type": "github"
      },
      "original": {
        "owner": "NixOS",
        "ref": "nixpkgs-unstable",
        "repo": "nixpkgs",
        "type": "github"
      }
    },
    "patisserie": {
      "inputs": {
        "naersk": "naersk",
        "nixpkgs": [
          "nixpkgs"
        ],
        "rust-overlay": "rust-overlay"
      },
      "locked": {
        "lastModified": 1752721503,
        "narHash": "sha256-vHKXMKzpst9j9ZGF5EARXhFuw9dNyoIBtxk3hBj/J5Y=",
        "owner": "freshstrangemusic",
        "repo": "patisserie",
        "rev": "70a9e3abdfe4276a53c326bd72ad60f47d5d537b",
        "type": "github"
      },
      "original": {
        "owner": "freshstrangemusic",
        "repo": "patisserie",
        "type": "github"
      }
    },
    "root": {
      "inputs": {
        "nix-darwin": "nix-darwin",
        "nixos-wsl": "nixos-wsl",
        "nixpkgs": "nixpkgs",
        "patisserie": "patisserie"
      }
    },
    "rust-overlay": {
      "inputs": {
        "nixpkgs": [
          "patisserie",
          "nixpkgs"
        ]
      },
      "locked": {
        "lastModified": 1741400194,
        "narHash": "sha256-tEpgT+q5KlGjHSm8MnINgTPErEl8YDzX3Eps8PVc09g=",
        "owner": "oxalica",
        "repo": "rust-overlay",
        "rev": "16b6045a232fea0e9e4c69e55a6e269607dd8e3f",
        "type": "github"
      },
      "original": {
        "owner": "oxalica",
        "repo": "rust-overlay",
        "type": "github"
      }
    }
  },
  "root": "root",
  "version": 7
}
